{
  "name": "app",
  "lockfileVersion": 3,
  "requires": true,
  "packages": {
    "": {
      "devDependencies": {
        "@traptitech/markdown-it-katex": "^3.6.0",
        "@vueuse/core": "^13.4.0",
        "highlight.js": "^11.11.1",
        "markdown-it": "^14.1.0",
        "markdown-it-link-attributes": "^4.0.1"
      }
    },
    "node_modules/@babel/helper-string-parser": {
      "version": "7.27.1",
      "resolved": "https://npm.dev.futurefab.cn/@babel/helper-string-parser/-/helper-string-parser-7.27.1.tgz",
      "integrity": "sha512-qMlSxKbpRlAridDExk92nSobyDdpPijUq2DW6oDnUqd0iOGxmQjyqhMIihI9+zv4LPyZdRje2cavWPbCbWm3eA==",
      "dev": true,
      "peer": true,
      "engines": {
        "node": ">=6.9.0"
      }
    },
    "node_modules/@babel/helper-validator-identifier": {
      "version": "7.27.1",
      "resolved": "https://npm.dev.futurefab.cn/@babel/helper-validator-identifier/-/helper-validator-identifier-7.27.1.tgz",
      "integrity": "sha512-D2hP9eA+Sqx1kBZgzxZh0y1trbuU+JoDkiEwqhQ36nodYqJwyEIhPSdMNd7lOm/4io72luTPWH20Yda0xOuUow==",
      "dev": true,
      "peer": true,
      "engines": {
        "node": ">=6.9.0"
      }
    },
    "node_modules/@babel/parser": {
      "version": "7.27.5",
      "resolved": "https://npm.dev.futurefab.cn/@babel/parser/-/parser-7.27.5.tgz",
      "integrity": "sha512-OsQd175SxWkGlzbny8J3K8TnnDD0N3lrIUtB92xwyRpzaenGZhxDvxN/JgU00U3CDZNj9tPuDJ5H0WS4Nt3vKg==",
      "dev": true,
      "peer": true,
      "dependencies": {
        "@babel/types": "^7.27.3"
      },
      "bin": {
        "parser": "bin/babel-parser.js"
      },
      "engines": {
        "node": ">=6.0.0"
      }
    },
    "node_modules/@babel/types": {
      "version": "7.27.6",
      "resolved": "https://npm.dev.futurefab.cn/@babel/types/-/types-7.27.6.tgz",
      "integrity": "sha512-ETyHEk2VHHvl9b9jZP5IHPavHYk57EhanlRRuae9XCpb/j5bDCbPPMOBfCWhnl/7EDJz0jEMCi/RhccCE8r1+Q==",
      "dev": true,
      "peer": true,
      "dependencies": {
        "@babel/helper-string-parser": "^7.27.1",
        "@babel/helper-validator-identifier": "^7.27.1"
      },
      "engines": {
        "node": ">=6.9.0"
      }
    },
    "node_modules/@jridgewell/sourcemap-codec": {
      "version": "1.5.0",
      "resolved": "https://npm.dev.futurefab.cn/@jridgewell/sourcemap-codec/-/sourcemap-codec-1.5.0.tgz",
      "integrity": "sha512-gv3ZRaISU3fjPAgNsriBRqGWQL6quFx04YMPW/zD8XMLsU32mhCCbfbO6KZFLjvYpCZ8zyDEgqsgf+PwPaM7GQ==",
      "dev": true,
      "peer": true
    },
    "node_modules/@traptitech/markdown-it-katex": {
      "version": "3.6.0",
      "resolved": "https://npm.dev.futurefab.cn/@traptitech/markdown-it-katex/-/markdown-it-katex-3.6.0.tgz",
      "integrity": "sha512-CnJzTWxsgLGXFdSrWRaGz7GZ1kUUi8g3E9HzJmeveX1YwVJavrKYqysktfHZQsujdnRqV5O7g8FPKEA/aeTkOQ==",
      "dev": true,
      "dependencies": {
        "katex": "^0.16.0"
      }
    },
    "node_modules/@types/web-bluetooth": {
      "version": "0.0.21",
      "resolved": "https://npm.dev.futurefab.cn/@types/web-bluetooth/-/web-bluetooth-0.0.21.tgz",
      "integrity": "sha512-oIQLCGWtcFZy2JW77j9k8nHzAOpqMHLQejDA48XXMWH6tjCQHz5RCFz1bzsmROyL6PUm+LLnUiI4BCn221inxA==",
      "dev": true
    },
    "node_modules/@vue/compiler-core": {
      "version": "3.5.17",
      "resolved": "https://npm.dev.futurefab.cn/@vue/compiler-core/-/compiler-core-3.5.17.tgz",
      "integrity": "sha512-Xe+AittLbAyV0pabcN7cP7/BenRBNcteM4aSDCtRvGw0d9OL+HG1u/XHLY/kt1q4fyMeZYXyIYrsHuPSiDPosA==",
      "dev": true,
      "peer": true,
      "dependencies": {
        "@babel/parser": "^7.27.5",
        "@vue/shared": "3.5.17",
        "entities": "^4.5.0",
        "estree-walker": "^2.0.2",
        "source-map-js": "^1.2.1"
      }
    },
    "node_modules/@vue/compiler-dom": {
      "version": "3.5.17",
      "resolved": "https://npm.dev.futurefab.cn/@vue/compiler-dom/-/compiler-dom-3.5.17.tgz",
      "integrity": "sha512-+2UgfLKoaNLhgfhV5Ihnk6wB4ljyW1/7wUIog2puUqajiC29Lp5R/IKDdkebh9jTbTogTbsgB+OY9cEWzG95JQ==",
      "dev": true,
      "peer": true,
      "dependencies": {
        "@vue/compiler-core": "3.5.17",
        "@vue/shared": "3.5.17"
      }
    },
    "node_modules/@vue/compiler-sfc": {
      "version": "3.5.17",
      "resolved": "https://npm.dev.futurefab.cn/@vue/compiler-sfc/-/compiler-sfc-3.5.17.tgz",
      "integrity": "sha512-rQQxbRJMgTqwRugtjw0cnyQv9cP4/4BxWfTdRBkqsTfLOHWykLzbOc3C4GGzAmdMDxhzU/1Ija5bTjMVrddqww==",
      "dev": true,
      "peer": true,
      "dependencies": {
        "@babel/parser": "^7.27.5",
        "@vue/compiler-core": "3.5.17",
        "@vue/compiler-dom": "3.5.17",
        "@vue/compiler-ssr": "3.5.17",
        "@vue/shared": "3.5.17",
        "estree-walker": "^2.0.2",
        "magic-string": "^0.30.17",
        "postcss": "^8.5.6",
        "source-map-js": "^1.2.1"
      }
    },
    "node_modules/@vue/compiler-ssr": {
      "version": "3.5.17",
      "resolved": "https://npm.dev.futurefab.cn/@vue/compiler-ssr/-/compiler-ssr-3.5.17.tgz",
      "integrity": "sha512-hkDbA0Q20ZzGgpj5uZjb9rBzQtIHLS78mMilwrlpWk2Ep37DYntUz0PonQ6kr113vfOEdM+zTBuJDaceNIW0tQ==",
      "dev": true,
      "peer": true,
      "dependencies": {
        "@vue/compiler-dom": "3.5.17",
        "@vue/shared": "3.5.17"
      }
    },
    "node_modules/@vue/reactivity": {
      "version": "3.5.17",
      "resolved": "https://npm.dev.futurefab.cn/@vue/reactivity/-/reactivity-3.5.17.tgz",
      "integrity": "sha512-l/rmw2STIscWi7SNJp708FK4Kofs97zc/5aEPQh4bOsReD/8ICuBcEmS7KGwDj5ODQLYWVN2lNibKJL1z5b+Lw==",
      "dev": true,
      "peer": true,
      "dependencies": {
        "@vue/shared": "3.5.17"
      }
    },
    "node_modules/@vue/runtime-core": {
      "version": "3.5.17",
      "resolved": "https://npm.dev.futurefab.cn/@vue/runtime-core/-/runtime-core-3.5.17.tgz",
      "integrity": "sha512-QQLXa20dHg1R0ri4bjKeGFKEkJA7MMBxrKo2G+gJikmumRS7PTD4BOU9FKrDQWMKowz7frJJGqBffYMgQYS96Q==",
      "dev": true,
      "peer": true,
      "dependencies": {
        "@vue/reactivity": "3.5.17",
        "@vue/shared": "3.5.17"
      }
    },
    "node_modules/@vue/runtime-dom": {
      "version": "3.5.17",
      "resolved": "https://npm.dev.futurefab.cn/@vue/runtime-dom/-/runtime-dom-3.5.17.tgz",
      "integrity": "sha512-8El0M60TcwZ1QMz4/os2MdlQECgGoVHPuLnQBU3m9h3gdNRW9xRmI8iLS4t/22OQlOE6aJvNNlBiCzPHur4H9g==",
      "dev": true,
      "peer": true,
      "dependencies": {
        "@vue/reactivity": "3.5.17",
        "@vue/runtime-core": "3.5.17",
        "@vue/shared": "3.5.17",
        "csstype": "^3.1.3"
      }
    },
    "node_modules/@vue/server-renderer": {
      "version": "3.5.17",
      "resolved": "https://npm.dev.futurefab.cn/@vue/server-renderer/-/server-renderer-3.5.17.tgz",
      "integrity": "sha512-BOHhm8HalujY6lmC3DbqF6uXN/K00uWiEeF22LfEsm9Q93XeJ/plHTepGwf6tqFcF7GA5oGSSAAUock3VvzaCA==",
      "dev": true,
      "peer": true,
      "dependencies": {
        "@vue/compiler-ssr": "3.5.17",
        "@vue/shared": "3.5.17"
      },
      "peerDependencies": {
        "vue": "3.5.17"
      }
    },
    "node_modules/@vue/shared": {
      "version": "3.5.17",
      "resolved": "https://npm.dev.futurefab.cn/@vue/shared/-/shared-3.5.17.tgz",
      "integrity": "sha512-CabR+UN630VnsJO/jHWYBC1YVXyMq94KKp6iF5MQgZJs5I8cmjw6oVMO1oDbtBkENSHSSn/UadWlW/OAgdmKrg==",
      "dev": true,
      "peer": true
    },
    "node_modules/@vueuse/core": {
      "version": "13.4.0",
      "resolved": "https://npm.dev.futurefab.cn/@vueuse/core/-/core-13.4.0.tgz",
      "integrity": "sha512-OnK7zW3bTq/QclEk17+vDFN3tuAm8ONb9zQUIHrYQkkFesu3WeGUx/3YzpEp+ly53IfDAT9rsYXgGW6piNZC5w==",
      "dev": true,
      "dependencies": {
        "@types/web-bluetooth": "^0.0.21",
        "@vueuse/metadata": "13.4.0",
        "@vueuse/shared": "13.4.0"
      },
      "funding": {
        "url": "https://github.com/sponsors/antfu"
      },
      "peerDependencies": {
        "vue": "^3.5.0"
      }
    },
    "node_modules/@vueuse/metadata": {
      "version": "13.4.0",
      "resolved": "https://npm.dev.futurefab.cn/@vueuse/metadata/-/metadata-13.4.0.tgz",
      "integrity": "sha512-CPDQ/IgOeWbqItg1c/pS+Ulum63MNbpJ4eecjFJqgD/JUCJ822zLfpw6M9HzSvL6wbzMieOtIAW/H8deQASKHg==",
      "dev": true,
      "funding": {
        "url": "https://github.com/sponsors/antfu"
      }
    },
    "node_modules/@vueuse/shared": {
      "version": "13.4.0",
      "resolved": "https://npm.dev.futurefab.cn/@vueuse/shared/-/shared-13.4.0.tgz",
      "integrity": "sha512-+AxuKbw8R1gYy5T21V5yhadeNM7rJqb4cPaRI9DdGnnNl3uqXh+unvQ3uCaA2DjYLbNr1+l7ht/B4qEsRegX6A==",
      "dev": true,
      "funding": {
        "url": "https://github.com/sponsors/antfu"
      },
      "peerDependencies": {
        "vue": "^3.5.0"
      }
    },
    "node_modules/argparse": {
      "version": "2.0.1",
      "resolved": "https://npm.dev.futurefab.cn/argparse/-/argparse-2.0.1.tgz",
      "integrity": "sha512-8+9WqebbFzpX9OR+Wa6O29asIogeRMzcGtAINdpMHHyAg10f05aSFVBbcEqGf/PXw1EjAZ+q2/bEBg3DvurK3Q==",
      "dev": true
    },
    "node_modules/commander": {
      "version": "8.3.0",
      "resolved": "https://npm.dev.futurefab.cn/commander/-/commander-8.3.0.tgz",
      "integrity": "sha512-OkTL9umf+He2DZkUq8f8J9of7yL6RJKI24dVITBmNfZBmri9zYZQrKkuXiKhyfPSu8tUhnVBB1iKXevvnlR4Ww==",
      "dev": true,
      "engines": {
        "node": ">= 12"
      }
    },
    "node_modules/csstype": {
      "version": "3.1.3",
      "resolved": "https://npm.dev.futurefab.cn/csstype/-/csstype-3.1.3.tgz",
      "integrity": "sha512-M1uQkMl8rQK/szD0LNhtqxIPLpimGm8sOBwU7lLnCpSbTyY3yeU1Vc7l4KT5zT4s/yOxHH5O7tIuuLOCnLADRw==",
      "dev": true,
      "peer": true
    },
    "node_modules/entities": {
      "version": "4.5.0",
      "resolved": "https://npm.dev.futurefab.cn/entities/-/entities-4.5.0.tgz",
      "integrity": "sha512-V0hjH4dGPh9Ao5p0MoRY6BVqtwCjhz6vI5LT8AJ55H+4g9/4vbHx1I54fS0XuclLhDHArPQCiMjDxjaL8fPxhw==",
      "dev": true,
      "engines": {
        "node": ">=0.12"
      },
      "funding": {
        "url": "https://github.com/fb55/entities?sponsor=1"
      }
    },
    "node_modules/estree-walker": {
      "version": "2.0.2",
      "resolved": "https://npm.dev.futurefab.cn/estree-walker/-/estree-walker-2.0.2.tgz",
      "integrity": "sha512-Rfkk/Mp/DL7JVje3u18FxFujQlTNR2q6QfMSMB7AvCBx91NGj/ba3kCfza0f6dVDbw7YlRf/nDrn7pQrCCyQ/w==",
      "dev": true,
      "peer": true
    },
    "node_modules/highlight.js": {
      "version": "11.11.1",
      "resolved": "https://npm.dev.futurefab.cn/highlight.js/-/highlight.js-11.11.1.tgz",
      "integrity": "sha512-Xwwo44whKBVCYoliBQwaPvtd/2tYFkRQtXDWj1nackaV2JPXx3L0+Jvd8/qCJ2p+ML0/XVkJ2q+Mr+UVdpJK5w==",
      "dev": true,
      "engines": {
        "node": ">=12.0.0"
      }
    },
    "node_modules/katex": {
      "version": "0.16.22",
      "resolved": "https://npm.dev.futurefab.cn/katex/-/katex-0.16.22.tgz",
      "integrity": "sha512-XCHRdUw4lf3SKBaJe4EvgqIuWwkPSo9XoeO8GjQW94Bp7TWv9hNhzZjZ+OH9yf1UmLygb7DIT5GSFQiyt16zYg==",
      "dev": true,
      "funding": [
        "https://opencollective.com/katex",
        "https://github.com/sponsors/katex"
      ],
      "dependencies": {
        "commander": "^8.3.0"
      },
      "bin": {
        "katex": "cli.js"
      }
    },
    "node_modules/linkify-it": {
      "version": "5.0.0",
      "resolved": "https://npm.dev.futurefab.cn/linkify-it/-/linkify-it-5.0.0.tgz",
      "integrity": "sha512-5aHCbzQRADcdP+ATqnDuhhJ/MRIqDkZX5pyjFHRRysS8vZ5AbqGEoFIb6pYHPZ+L/OC2Lc+xT8uHVVR5CAK/wQ==",
      "dev": true,
      "dependencies": {
        "uc.micro": "^2.0.0"
      }
    },
    "node_modules/magic-string": {
      "version": "0.30.17",
      "resolved": "https://npm.dev.futurefab.cn/magic-string/-/magic-string-0.30.17.tgz",
      "integrity": "sha512-sNPKHvyjVf7gyjwS4xGTaW/mCnF8wnjtifKBEhxfZ7E/S8tQ0rssrwGNn6q8JH/ohItJfSQp9mBtQYuTlH5QnA==",
      "dev": true,
      "peer": true,
      "dependencies": {
        "@jridgewell/sourcemap-codec": "^1.5.0"
      }
    },
    "node_modules/markdown-it": {
      "version": "14.1.0",
      "resolved": "https://npm.dev.futurefab.cn/markdown-it/-/markdown-it-14.1.0.tgz",
      "integrity": "sha512-a54IwgWPaeBCAAsv13YgmALOF1elABB08FxO9i+r4VFk5Vl4pKokRPeX8u5TCgSsPi6ec1otfLjdOpVcgbpshg==",
      "dev": true,
      "dependencies": {
        "argparse": "^2.0.1",
        "entities": "^4.4.0",
        "linkify-it": "^5.0.0",
        "mdurl": "^2.0.0",
        "punycode.js": "^2.3.1",
        "uc.micro": "^2.1.0"
      },
      "bin": {
        "markdown-it": "bin/markdown-it.mjs"
      }
    },
    "node_modules/markdown-it-link-attributes": {
      "version": "4.0.1",
      "resolved": "https://npm.dev.futurefab.cn/markdown-it-link-attributes/-/markdown-it-link-attributes-4.0.1.tgz",
      "integrity": "sha512-pg5OK0jPLg62H4k7M9mRJLT61gUp9nvG0XveKYHMOOluASo9OEF13WlXrpAp2aj35LbedAy3QOCgQCw0tkLKAQ==",
      "dev": true
    },
    "node_modules/mdurl": {
      "version": "2.0.0",
      "resolved": "https://npm.dev.futurefab.cn/mdurl/-/mdurl-2.0.0.tgz",
      "integrity": "sha512-Lf+9+2r+Tdp5wXDXC4PcIBjTDtq4UKjCPMQhKIuzpJNW0b96kVqSwW0bT7FhRSfmAiFYgP+SCRvdrDozfh0U5w==",
      "dev": true
    },
    "node_modules/nanoid": {
      "version": "3.3.11",
      "resolved": "https://npm.dev.futurefab.cn/nanoid/-/nanoid-3.3.11.tgz",
      "integrity": "sha512-N8SpfPUnUp1bK+PMYW8qSWdl9U+wwNWI4QKxOYDy9JAro3WMX7p2OeVRF9v+347pnakNevPmiHhNmZ2HbFA76w==",
      "dev": true,
      "funding": [
        {
          "type": "github",
          "url": "https://github.com/sponsors/ai"
        }
      ],
      "peer": true,
      "bin": {
        "nanoid": "bin/nanoid.cjs"
      },
      "engines": {
        "node": "^10 || ^12 || ^13.7 || ^14 || >=15.0.1"
      }
    },
    "node_modules/picocolors": {
      "version": "1.1.1",
      "resolved": "https://npm.dev.futurefab.cn/picocolors/-/picocolors-1.1.1.tgz",
      "integrity": "sha512-xceH2snhtb5M9liqDsmEw56le376mTZkEX/jEb/RxNFyegNul7eNslCXP9FDj/Lcu0X8KEyMceP2ntpaHrDEVA==",
      "dev": true,
      "peer": true
    },
    "node_modules/postcss": {
      "version": "8.5.6",
      "resolved": "https://npm.dev.futurefab.cn/postcss/-/postcss-8.5.6.tgz",
      "integrity": "sha512-3Ybi1tAuwAP9s0r1UQ2J4n5Y0G05bJkpUIO0/bI9MhwmD70S5aTWbXGBwxHrelT+XM1k6dM0pk+SwNkpTRN7Pg==",
      "dev": true,
      "funding": [
        {
          "type": "opencollective",
          "url": "https://opencollective.com/postcss/"
        },
        {
          "type": "tidelift",
          "url": "https://tidelift.com/funding/github/npm/postcss"
        },
        {
          "type": "github",
          "url": "https://github.com/sponsors/ai"
        }
      ],
      "peer": true,
      "dependencies": {
        "nanoid": "^3.3.11",
        "picocolors": "^1.1.1",
        "source-map-js": "^1.2.1"
      },
      "engines": {
        "node": "^10 || ^12 || >=14"
      }
    },
    "node_modules/punycode.js": {
      "version": "2.3.1",
      "resolved": "https://npm.dev.futurefab.cn/punycode.js/-/punycode.js-2.3.1.tgz",
      "integrity": "sha512-uxFIHU0YlHYhDQtV4R9J6a52SLx28BCjT+4ieh7IGbgwVJWO+km431c4yRlREUAsAmt/uMjQUyQHNEPf0M39CA==",
      "dev": true,
      "engines": {
        "node": ">=6"
      }
    },
    "node_modules/source-map-js": {
      "version": "1.2.1",
      "resolved": "https://npm.dev.futurefab.cn/source-map-js/-/source-map-js-1.2.1.tgz",
      "integrity": "sha512-UXWMKhLOwVKb728IUtQPXxfYU+usdybtUrK/8uGE8CQMvrhOpwvzDBwj0QhSL7MQc7vIsISBG8VQ8+IDQxpfQA==",
      "dev": true,
      "peer": true,
      "engines": {
        "node": ">=0.10.0"
      }
    },
    "node_modules/uc.micro": {
      "version": "2.1.0",
      "resolved": "https://npm.dev.futurefab.cn/uc.micro/-/uc.micro-2.1.0.tgz",
      "integrity": "sha512-ARDJmphmdvUk6Glw7y9DQ2bFkKBHwQHLi2lsaH6PPmz/Ka9sFOBsBluozhDltWmnv9u/cF6Rt87znRTPV+yp/A==",
      "dev": true
    },
    "node_modules/vue": {
      "version": "3.5.17",
      "resolved": "https://npm.dev.futurefab.cn/vue/-/vue-3.5.17.tgz",
      "integrity": "sha512-LbHV3xPN9BeljML+Xctq4lbz2lVHCR6DtbpTf5XIO6gugpXUN49j2QQPcMj086r9+AkJ0FfUT8xjulKKBkkr9g==",
      "dev": true,
      "peer": true,
      "dependencies": {
        "@vue/compiler-dom": "3.5.17",
        "@vue/compiler-sfc": "3.5.17",
        "@vue/runtime-dom": "3.5.17",
        "@vue/server-renderer": "3.5.17",
        "@vue/shared": "3.5.17"
      },
      "peerDependencies": {
        "typescript": "*"
      },
      "peerDependenciesMeta": {
        "typescript": {
          "optional": true
        }
      }
    }
  }
}
